
Microsoft Visual Studio Solution File, Format Version 12.00
# Visual Studio Version 16
VisualStudioVersion = 16.0.30523.141
MinimumVisualStudioVersion = 10.0.40219.1
Project("{FAE04EC0-301F-11D3-BF4B-00C04F79EFBC}") = "WebApi", "WebApi\WebApi.csproj", "{BA8BDB3E-0FD4-4C38-AC33-4A08B0921BD9}"
EndProject
Project("{FAE04EC0-301F-11D3-BF4B-00C04F79EFBC}") = "WebApi.DAL", "WebApi.DAL\WebApi.DAL.csproj", "{DED71CD5-512A-417E-B7CC-30D7A1767246}"
EndProject
Project("{FAE04EC0-301F-11D3-BF4B-00C04F79EFBC}") = "WebApi.Services", "WebApi.Services\WebApi.Services.csproj", "{59C7BBC0-C993-4472-A682-34E75B2B728B}"
EndProject
Project("{FAE04EC0-301F-11D3-BF4B-00C04F79EFBC}") = "WebApi.Common", "WebApi.Common\WebApi.Common.csproj", "{410BB64E-CE19-49A0-8D69-A0682D9B352C}"
EndProject
Project("{FAE04EC0-301F-11D3-BF4B-00C04F79EFBC}") = "WebApi.Models", "WebApi.Models\WebApi.Models.csproj", "{787A9176-F90D-4BAA-9D20-0F4FAC8E7DFE}"
EndProject
Global
	GlobalSection(SolutionConfigurationPlatforms) = preSolution
		Debug|Any CPU = Debug|Any CPU
		Release|Any CPU = Release|Any CPU
	EndGlobalSection
	GlobalSection(ProjectConfigurationPlatforms) = postSolution
		{BA8BDB3E-0FD4-4C38-AC33-4A08B0921BD9}.Debug|Any CPU.ActiveCfg = Debug|Any CPU
		{BA8BDB3E-0FD4-4C38-AC33-4A08B0921BD9}.Debug|Any CPU.Build.0 = Debug|Any CPU
		{BA8BDB3E-0FD4-4C38-AC33-4A08B0921BD9}.Release|Any CPU.ActiveCfg = Release|Any CPU
		{BA8BDB3E-0FD4-4C38-AC33-4A08B0921BD9}.Release|Any CPU.Build.0 = Release|Any CPU
		{DED71CD5-512A-417E-B7CC-30D7A1767246}.Debug|Any CPU.ActiveCfg = Debug|Any CPU
		{DED71CD5-512A-417E-B7CC-30D7A1767246}.Debug|Any CPU.Build.0 = Debug|Any CPU
		{DED71CD5-512A-417E-B7CC-30D7A1767246}.Release|Any CPU.ActiveCfg = Release|Any CPU
		{DED71CD5-512A-417E-B7CC-30D7A1767246}.Release|Any CPU.Build.0 = Release|Any CPU
		{59C7BBC0-C993-4472-A682-34E75B2B728B}.Debug|Any CPU.ActiveCfg = Debug|Any CPU
		{59C7BBC0-C993-4472-A682-34E75B2B728B}.Debug|Any CPU.Build.0 = Debug|Any CPU
		{59C7BBC0-C993-4472-A682-34E75B2B728B}.Release|Any CPU.ActiveCfg = Release|Any CPU
		{59C7BBC0-C993-4472-A682-34E75B2B728B}.Release|Any CPU.Build.0 = Release|Any CPU
		{410BB64E-CE19-49A0-8D69-A0682D9B352C}.Debug|Any CPU.ActiveCfg = Debug|Any CPU
		{410BB64E-CE19-49A0-8D69-A0682D9B352C}.Debug|Any CPU.Build.0 = Debug|Any CPU
		{410BB64E-CE19-49A0-8D69-A0682D9B352C}.Release|Any CPU.ActiveCfg = Release|Any CPU
		{410BB64E-CE19-49A0-8D69-A0682D9B352C}.Release|Any CPU.Build.0 = Release|Any CPU
		{787A9176-F90D-4BAA-9D20-0F4FAC8E7DFE}.Debug|Any CPU.ActiveCfg = Debug|Any CPU
		{787A9176-F90D-4BAA-9D20-0F4FAC8E7DFE}.Debug|Any CPU.Build.0 = Debug|Any CPU
		{787A9176-F90D-4BAA-9D20-0F4FAC8E7DFE}.Release|Any CPU.ActiveCfg = Release|Any CPU
		{787A9176-F90D-4BAA-9D20-0F4FAC8E7DFE}.Release|Any CPU.Build.0 = Release|Any CPU
	EndGlobalSection
	GlobalSection(SolutionProperties) = preSolution
		HideSolutionNode = FALSE
	EndGlobalSection
	GlobalSection(ExtensibilityGlobals) = postSolution
		SolutionGuid = {149D0AF8-D341-45B1-83F9-C6A031E23D1A}
	EndGlobalSection
EndGlobal
